// !$*UTF8*$!
{
	archiveVersion = 1;
	classes = {
	};
	objectVersion = 46;
	objects = {

/* Begin PBXBuildFile section */
		685E9B601F3F3FE7007C2E4A /* AppDelegate.swift in Sources */ = {isa = PBXBuildFile; fileRef = 685E9B5F1F3F3FE7007C2E4A /* AppDelegate.swift */; };
		685E9B621F3F3FE7007C2E4A /* ViewController.swift in Sources */ = {isa = PBXBuildFile; fileRef = 685E9B611F3F3FE7007C2E4A /* ViewController.swift */; };
		685E9B651F3F3FE8007C2E4A /* Main.storyboard in Resources */ = {isa = PBXBuildFile; fileRef = 685E9B631F3F3FE8007C2E4A /* Main.storyboard */; };
		685E9B671F3F3FE8007C2E4A /* Assets.xcassets in Resources */ = {isa = PBXBuildFile; fileRef = 685E9B661F3F3FE8007C2E4A /* Assets.xcassets */; };
		685E9B6A1F3F3FE8007C2E4A /* LaunchScreen.storyboard in Resources */ = {isa = PBXBuildFile; fileRef = 685E9B681F3F3FE8007C2E4A /* LaunchScreen.storyboard */; };
		685E9B751F3F3FE8007C2E4A /* FyberMobileOffersTests.swift in Sources */ = {isa = PBXBuildFile; fileRef = 685E9B741F3F3FE8007C2E4A /* FyberMobileOffersTests.swift */; };
		685E9B801F3F3FE8007C2E4A /* FyberMobileOffersUITests.swift in Sources */ = {isa = PBXBuildFile; fileRef = 685E9B7F1F3F3FE8007C2E4A /* FyberMobileOffersUITests.swift */; };
		68AB2F4E5F52458B8F798467 /* Pods_FyberMobileOffersUITests.framework in Frameworks */ = {isa = PBXBuildFile; fileRef = AEC157598F2F0BA780952CEB /* Pods_FyberMobileOffersUITests.framework */; };
		E18A3EE26D68F4A96DC2B44E /* Pods_FyberMobileOffers.framework in Frameworks */ = {isa = PBXBuildFile; fileRef = B58F580AD04FAC9FBEF8C8B6 /* Pods_FyberMobileOffers.framework */; };
		F0123AC9FEB269E3D88F1115 /* Pods_FyberMobileOffersTests.framework in Frameworks */ = {isa = PBXBuildFile; fileRef = C163CC2C541DC00C2E95FD18 /* Pods_FyberMobileOffersTests.framework */; };
/* End PBXBuildFile section */

/* Begin PBXContainerItemProxy section */
		685E9B711F3F3FE8007C2E4A /* PBXContainerItemProxy */ = {
			isa = PBXContainerItemProxy;
			containerPortal = 685E9B541F3F3FE7007C2E4A /* Project object */;
			proxyType = 1;
			remoteGlobalIDString = 685E9B5B1F3F3FE7007C2E4A;
			remoteInfo = FyberMobileOffers;
		};
		685E9B7C1F3F3FE8007C2E4A /* PBXContainerItemProxy */ = {
			isa = PBXContainerItemProxy;
			containerPortal = 685E9B541F3F3FE7007C2E4A /* Project object */;
			proxyType = 1;
			remoteGlobalIDString = 685E9B5B1F3F3FE7007C2E4A;
			remoteInfo = FyberMobileOffers;
		};
/* End PBXContainerItemProxy section */

/* Begin PBXFileReference section */
		161BA1772671856A38D6E4FB /* Pods-FyberMobileOffersUITests.debug.xcconfig */ = {isa = PBXFileReference; includeInIndex = 1; lastKnownFileType = text.xcconfig; name = "Pods-FyberMobileOffersUITests.debug.xcconfig"; path = "Pods/Target Support Files/Pods-FyberMobileOffersUITests/Pods-FyberMobileOffersUITests.debug.xcconfig"; sourceTree = "<group>"; };
		364CBFEE89402F025446B1CC /* Pods-FyberMobileOffers.debug.xcconfig */ = {isa = PBXFileReference; includeInIndex = 1; lastKnownFileType = text.xcconfig; name = "Pods-FyberMobileOffers.debug.xcconfig"; path = "Pods/Target Support Files/Pods-FyberMobileOffers/Pods-FyberMobileOffers.debug.xcconfig"; sourceTree = "<group>"; };
		5A0BC5A6102259E9835CA4C7 /* Pods-FyberMobileOffers.release.xcconfig */ = {isa = PBXFileReference; includeInIndex = 1; lastKnownFileType = text.xcconfig; name = "Pods-FyberMobileOffers.release.xcconfig"; path = "Pods/Target Support Files/Pods-FyberMobileOffers/Pods-FyberMobileOffers.release.xcconfig"; sourceTree = "<group>"; };
		685E9B5C1F3F3FE7007C2E4A /* FyberMobileOffers.app */ = {isa = PBXFileReference; explicitFileType = wrapper.application; includeInIndex = 0; path = FyberMobileOffers.app; sourceTree = BUILT_PRODUCTS_DIR; };
		685E9B5F1F3F3FE7007C2E4A /* AppDelegate.swift */ = {isa = PBXFileReference; lastKnownFileType = sourcecode.swift; path = AppDelegate.swift; sourceTree = "<group>"; };
		685E9B611F3F3FE7007C2E4A /* ViewController.swift */ = {isa = PBXFileReference; lastKnownFileType = sourcecode.swift; path = ViewController.swift; sourceTree = "<group>"; };
		685E9B641F3F3FE8007C2E4A /* Base */ = {isa = PBXFileReference; lastKnownFileType = file.storyboard; name = Base; path = Base.lproj/Main.storyboard; sourceTree = "<group>"; };
		685E9B661F3F3FE8007C2E4A /* Assets.xcassets */ = {isa = PBXFileReference; lastKnownFileType = folder.assetcatalog; path = Assets.xcassets; sourceTree = "<group>"; };
		685E9B691F3F3FE8007C2E4A /* Base */ = {isa = PBXFileReference; lastKnownFileType = file.storyboard; name = Base; path = Base.lproj/LaunchScreen.storyboard; sourceTree = "<group>"; };
		685E9B6B1F3F3FE8007C2E4A /* Info.plist */ = {isa = PBXFileReference; lastKnownFileType = text.plist.xml; path = Info.plist; sourceTree = "<group>"; };
		685E9B701F3F3FE8007C2E4A /* FyberMobileOffersTests.xctest */ = {isa = PBXFileReference; explicitFileType = wrapper.cfbundle; includeInIndex = 0; path = FyberMobileOffersTests.xctest; sourceTree = BUILT_PRODUCTS_DIR; };
		685E9B741F3F3FE8007C2E4A /* FyberMobileOffersTests.swift */ = {isa = PBXFileReference; lastKnownFileType = sourcecode.swift; path = FyberMobileOffersTests.swift; sourceTree = "<group>"; };
		685E9B761F3F3FE8007C2E4A /* Info.plist */ = {isa = PBXFileReference; lastKnownFileType = text.plist.xml; path = Info.plist; sourceTree = "<group>"; };
		685E9B7B1F3F3FE8007C2E4A /* FyberMobileOffersUITests.xctest */ = {isa = PBXFileReference; explicitFileType = wrapper.cfbundle; includeInIndex = 0; path = FyberMobileOffersUITests.xctest; sourceTree = BUILT_PRODUCTS_DIR; };
		685E9B7F1F3F3FE8007C2E4A /* FyberMobileOffersUITests.swift */ = {isa = PBXFileReference; lastKnownFileType = sourcecode.swift; path = FyberMobileOffersUITests.swift; sourceTree = "<group>"; };
		685E9B811F3F3FE9007C2E4A /* Info.plist */ = {isa = PBXFileReference; lastKnownFileType = text.plist.xml; path = Info.plist; sourceTree = "<group>"; };
		6BAF6A62ACDFD2179AEA0948 /* Pods-FyberMobileOffersTests.release.xcconfig */ = {isa = PBXFileReference; includeInIndex = 1; lastKnownFileType = text.xcconfig; name = "Pods-FyberMobileOffersTests.release.xcconfig"; path = "Pods/Target Support Files/Pods-FyberMobileOffersTests/Pods-FyberMobileOffersTests.release.xcconfig"; sourceTree = "<group>"; };
		7B9CA6E1B6284C0C40640975 /* Pods-FyberMobileOffersTests.debug.xcconfig */ = {isa = PBXFileReference; includeInIndex = 1; lastKnownFileType = text.xcconfig; name = "Pods-FyberMobileOffersTests.debug.xcconfig"; path = "Pods/Target Support Files/Pods-FyberMobileOffersTests/Pods-FyberMobileOffersTests.debug.xcconfig"; sourceTree = "<group>"; };
		AEC157598F2F0BA780952CEB /* Pods_FyberMobileOffersUITests.framework */ = {isa = PBXFileReference; explicitFileType = wrapper.framework; includeInIndex = 0; path = Pods_FyberMobileOffersUITests.framework; sourceTree = BUILT_PRODUCTS_DIR; };
		B58F580AD04FAC9FBEF8C8B6 /* Pods_FyberMobileOffers.framework */ = {isa = PBXFileReference; explicitFileType = wrapper.framework; includeInIndex = 0; path = Pods_FyberMobileOffers.framework; sourceTree = BUILT_PRODUCTS_DIR; };
		C163CC2C541DC00C2E95FD18 /* Pods_FyberMobileOffersTests.framework */ = {isa = PBXFileReference; explicitFileType = wrapper.framework; includeInIndex = 0; path = Pods_FyberMobileOffersTests.framework; sourceTree = BUILT_PRODUCTS_DIR; };
		D82A6685AC4A48568B81AF8A /* Pods-FyberMobileOffersUITests.release.xcconfig */ = {isa = PBXFileReference; includeInIndex = 1; lastKnownFileType = text.xcconfig; name = "Pods-FyberMobileOffersUITests.release.xcconfig"; path = "Pods/Target Support Files/Pods-FyberMobileOffersUITests/Pods-FyberMobileOffersUITests.release.xcconfig"; sourceTree = "<group>"; };
/* End PBXFileReference section */

/* Begin PBXFrameworksBuildPhase section */
		685E9B591F3F3FE7007C2E4A /* Frameworks */ = {
			isa = PBXFrameworksBuildPhase;
			buildActionMask = 2147483647;
			files = (
				E18A3EE26D68F4A96DC2B44E /* Pods_FyberMobileOffers.framework in Frameworks */,
			);
			runOnlyForDeploymentPostprocessing = 0;
		};
		685E9B6D1F3F3FE8007C2E4A /* Frameworks */ = {
			isa = PBXFrameworksBuildPhase;
			buildActionMask = 2147483647;
			files = (
				F0123AC9FEB269E3D88F1115 /* Pods_FyberMobileOffersTests.framework in Frameworks */,
			);
			runOnlyForDeploymentPostprocessing = 0;
		};
		685E9B781F3F3FE8007C2E4A /* Frameworks */ = {
			isa = PBXFrameworksBuildPhase;
			buildActionMask = 2147483647;
			files = (
				68AB2F4E5F52458B8F798467 /* Pods_FyberMobileOffersUITests.framework in Frameworks */,
			);
			runOnlyForDeploymentPostprocessing = 0;
		};
/* End PBXFrameworksBuildPhase section */

/* Begin PBXGroup section */
		29F5AB390AADAFC60526A7F3 /* Pods */ = {
			isa = PBXGroup;
			children = (
				364CBFEE89402F025446B1CC /* Pods-FyberMobileOffers.debug.xcconfig */,
				5A0BC5A6102259E9835CA4C7 /* Pods-FyberMobileOffers.release.xcconfig */,
				7B9CA6E1B6284C0C40640975 /* Pods-FyberMobileOffersTests.debug.xcconfig */,
				6BAF6A62ACDFD2179AEA0948 /* Pods-FyberMobileOffersTests.release.xcconfig */,
				161BA1772671856A38D6E4FB /* Pods-FyberMobileOffersUITests.debug.xcconfig */,
				D82A6685AC4A48568B81AF8A /* Pods-FyberMobileOffersUITests.release.xcconfig */,
			);
			name = Pods;
			sourceTree = "<group>";
		};
		685E9B531F3F3FE7007C2E4A = {
			isa = PBXGroup;
			children = (
				685E9B5E1F3F3FE7007C2E4A /* FyberMobileOffers */,
				685E9B731F3F3FE8007C2E4A /* FyberMobileOffersTests */,
				685E9B7E1F3F3FE8007C2E4A /* FyberMobileOffersUITests */,
				685E9B5D1F3F3FE7007C2E4A /* Products */,
				29F5AB390AADAFC60526A7F3 /* Pods */,
				F4C6ECF5423D8E32E84EC277 /* Frameworks */,
			);
			sourceTree = "<group>";
		};
		685E9B5D1F3F3FE7007C2E4A /* Products */ = {
			isa = PBXGroup;
			children = (
				685E9B5C1F3F3FE7007C2E4A /* FyberMobileOffers.app */,
				685E9B701F3F3FE8007C2E4A /* FyberMobileOffersTests.xctest */,
				685E9B7B1F3F3FE8007C2E4A /* FyberMobileOffersUITests.xctest */,
			);
			name = Products;
			sourceTree = "<group>";
		};
		685E9B5E1F3F3FE7007C2E4A /* FyberMobileOffers */ = {
			isa = PBXGroup;
			children = (
				685E9B5F1F3F3FE7007C2E4A /* AppDelegate.swift */,
				685E9B611F3F3FE7007C2E4A /* ViewController.swift */,
				685E9B631F3F3FE8007C2E4A /* Main.storyboard */,
				685E9B661F3F3FE8007C2E4A /* Assets.xcassets */,
				685E9B681F3F3FE8007C2E4A /* LaunchScreen.storyboard */,
				685E9B6B1F3F3FE8007C2E4A /* Info.plist */,
			);
			path = FyberMobileOffers;
			sourceTree = "<group>";
		};
		685E9B731F3F3FE8007C2E4A /* FyberMobileOffersTests */ = {
			isa = PBXGroup;
			children = (
				685E9B741F3F3FE8007C2E4A /* FyberMobileOffersTests.swift */,
				685E9B761F3F3FE8007C2E4A /* Info.plist */,
			);
			path = FyberMobileOffersTests;
			sourceTree = "<group>";
		};
		685E9B7E1F3F3FE8007C2E4A /* FyberMobileOffersUITests */ = {
			isa = PBXGroup;
			children = (
				685E9B7F1F3F3FE8007C2E4A /* FyberMobileOffersUITests.swift */,
				685E9B811F3F3FE9007C2E4A /* Info.plist */,
			);
			path = FyberMobileOffersUITests;
			sourceTree = "<group>";
		};
		F4C6ECF5423D8E32E84EC277 /* Frameworks */ = {
			isa = PBXGroup;
			children = (
				B58F580AD04FAC9FBEF8C8B6 /* Pods_FyberMobileOffers.framework */,
				C163CC2C541DC00C2E95FD18 /* Pods_FyberMobileOffersTests.framework */,
				AEC157598F2F0BA780952CEB /* Pods_FyberMobileOffersUITests.framework */,
			);
			name = Frameworks;
			sourceTree = "<group>";
		};
/* End PBXGroup section */

/* Begin PBXNativeTarget section */
		685E9B5B1F3F3FE7007C2E4A /* FyberMobileOffers */ = {
			isa = PBXNativeTarget;
			buildConfigurationList = 685E9B841F3F3FE9007C2E4A /* Build configuration list for PBXNativeTarget "FyberMobileOffers" */;
			buildPhases = (
				1EE2E89EC3B27EAAB33E93AE /* [CP] Check Pods Manifest.lock */,
				685E9B581F3F3FE7007C2E4A /* Sources */,
				685E9B591F3F3FE7007C2E4A /* Frameworks */,
				685E9B5A1F3F3FE7007C2E4A /* Resources */,
				BDDA57CBCD5667C66FB3D6F3 /* [CP] Embed Pods Frameworks */,
				964DAB570284461514B65A54 /* [CP] Copy Pods Resources */,
			);
			buildRules = (
			);
			dependencies = (
			);
			name = FyberMobileOffers;
			productName = FyberMobileOffers;
			productReference = 685E9B5C1F3F3FE7007C2E4A /* FyberMobileOffers.app */;
			productType = "com.apple.product-type.application";
		};
		685E9B6F1F3F3FE8007C2E4A /* FyberMobileOffersTests */ = {
			isa = PBXNativeTarget;
			buildConfigurationList = 685E9B871F3F3FE9007C2E4A /* Build configuration list for PBXNativeTarget "FyberMobileOffersTests" */;
			buildPhases = (
				9947B0E126F555596DB2B539 /* [CP] Check Pods Manifest.lock */,
				685E9B6C1F3F3FE8007C2E4A /* Sources */,
				685E9B6D1F3F3FE8007C2E4A /* Frameworks */,
				685E9B6E1F3F3FE8007C2E4A /* Resources */,
				2356A3ED3AEE0E20EA61CA5D /* [CP] Embed Pods Frameworks */,
				858601607C941317EF0AFBF8 /* [CP] Copy Pods Resources */,
			);
			buildRules = (
			);
			dependencies = (
				685E9B721F3F3FE8007C2E4A /* PBXTargetDependency */,
			);
			name = FyberMobileOffersTests;
			productName = FyberMobileOffersTests;
			productReference = 685E9B701F3F3FE8007C2E4A /* FyberMobileOffersTests.xctest */;
			productType = "com.apple.product-type.bundle.unit-test";
		};
		685E9B7A1F3F3FE8007C2E4A /* FyberMobileOffersUITests */ = {
			isa = PBXNativeTarget;
			buildConfigurationList = 685E9B8A1F3F3FE9007C2E4A /* Build configuration list for PBXNativeTarget "FyberMobileOffersUITests" */;
			buildPhases = (
				677BD02B91E820AF12BF2BD1 /* [CP] Check Pods Manifest.lock */,
				685E9B771F3F3FE8007C2E4A /* Sources */,
				685E9B781F3F3FE8007C2E4A /* Frameworks */,
				685E9B791F3F3FE8007C2E4A /* Resources */,
				A27E5DA2DD1DE28C54BD6E65 /* [CP] Embed Pods Frameworks */,
				123280254BF0C02D36B2DDBE /* [CP] Copy Pods Resources */,
			);
			buildRules = (
			);
			dependencies = (
				685E9B7D1F3F3FE8007C2E4A /* PBXTargetDependency */,
			);
			name = FyberMobileOffersUITests;
			productName = FyberMobileOffersUITests;
			productReference = 685E9B7B1F3F3FE8007C2E4A /* FyberMobileOffersUITests.xctest */;
			productType = "com.apple.product-type.bundle.ui-testing";
		};
/* End PBXNativeTarget section */

/* Begin PBXProject section */
		685E9B541F3F3FE7007C2E4A /* Project object */ = {
			isa = PBXProject;
			attributes = {
				LastSwiftUpdateCheck = 0830;
				LastUpgradeCheck = 0830;
				ORGANIZATIONNAME = "Won Cheul Seok";
				TargetAttributes = {
					685E9B5B1F3F3FE7007C2E4A = {
						CreatedOnToolsVersion = 8.3.2;
						DevelopmentTeam = 6ZKF9BDJCT;
						ProvisioningStyle = Automatic;
					};
					685E9B6F1F3F3FE8007C2E4A = {
						CreatedOnToolsVersion = 8.3.2;
						DevelopmentTeam = 6ZKF9BDJCT;
						ProvisioningStyle = Automatic;
						TestTargetID = 685E9B5B1F3F3FE7007C2E4A;
					};
					685E9B7A1F3F3FE8007C2E4A = {
						CreatedOnToolsVersion = 8.3.2;
						DevelopmentTeam = 6ZKF9BDJCT;
						ProvisioningStyle = Automatic;
						TestTargetID = 685E9B5B1F3F3FE7007C2E4A;
					};
				};
			};
			buildConfigurationList = 685E9B571F3F3FE7007C2E4A /* Build configuration list for PBXProject "FyberMobileOffers" */;
			compatibilityVersion = "Xcode 3.2";
			developmentRegion = English;
			hasScannedForEncodings = 0;
			knownRegions = (
				en,
				Base,
			);
			mainGroup = 685E9B531F3F3FE7007C2E4A;
			productRefGroup = 685E9B5D1F3F3FE7007C2E4A /* Products */;
			projectDirPath = "";
			projectRoot = "";
			targets = (
				685E9B5B1F3F3FE7007C2E4A /* FyberMobileOffers */,
				685E9B6F1F3F3FE8007C2E4A /* FyberMobileOffersTests */,
				685E9B7A1F3F3FE8007C2E4A /* FyberMobileOffersUITests */,
			);
		};
/* End PBXProject section */

/* Begin PBXResourcesBuildPhase section */
		685E9B5A1F3F3FE7007C2E4A /* Resources */ = {
			isa = PBXResourcesBuildPhase;
			buildActionMask = 2147483647;
			files = (
				685E9B6A1F3F3FE8007C2E4A /* LaunchScreen.storyboard in Resources */,
				685E9B671F3F3FE8007C2E4A /* Assets.xcassets in Resources */,
				685E9B651F3F3FE8007C2E4A /* Main.storyboard in Resources */,
			);
			runOnlyForDeploymentPostprocessing = 0;
		};
		685E9B6E1F3F3FE8007C2E4A /* Resources */ = {
			isa = PBXResourcesBuildPhase;
			buildActionMask = 2147483647;
			files = (
			);
			runOnlyForDeploymentPostprocessing = 0;
		};
		685E9B791F3F3FE8007C2E4A /* Resources */ = {
			isa = PBXResourcesBuildPhase;
			buildActionMask = 2147483647;
			files = (
			);
			runOnlyForDeploymentPostprocessing = 0;
		};
/* End PBXResourcesBuildPhase section */

/* Begin PBXShellScriptBuildPhase section */
		123280254BF0C02D36B2DDBE /* [CP] Copy Pods Resources */ = {
			isa = PBXShellScriptBuildPhase;
			buildActionMask = 2147483647;
			files = (
			);
			inputPaths = (
			);
			name = "[CP] Copy Pods Resources";
			outputPaths = (
			);
			runOnlyForDeploymentPostprocessing = 0;
			shellPath = /bin/sh;
			shellScript = "\"${SRCROOT}/Pods/Target Support Files/Pods-FyberMobileOffersUITests/Pods-FyberMobileOffersUITests-resources.sh\"\n";
			showEnvVarsInLog = 0;
		};
		1EE2E89EC3B27EAAB33E93AE /* [CP] Check Pods Manifest.lock */ = {
			isa = PBXShellScriptBuildPhase;
			buildActionMask = 2147483647;
			files = (
			);
			inputPaths = (
			);
			name = "[CP] Check Pods Manifest.lock";
			outputPaths = (
			);
			runOnlyForDeploymentPostprocessing = 0;
			shellPath = /bin/sh;
			shellScript = "diff \"${PODS_PODFILE_DIR_PATH}/Podfile.lock\" \"${PODS_ROOT}/Manifest.lock\" > /dev/null\nif [ $? != 0 ] ; then\n    # print error to STDERR\n    echo \"error: The sandbox is not in sync with the Podfile.lock. Run 'pod install' or update your CocoaPods installation.\" >&2\n    exit 1\nfi\n";
			showEnvVarsInLog = 0;
		};
		2356A3ED3AEE0E20EA61CA5D /* [CP] Embed Pods Frameworks */ = {
			isa = PBXShellScriptBuildPhase;
			buildActionMask = 2147483647;
			files = (
			);
			inputPaths = (
			);
			name = "[CP] Embed Pods Frameworks";
			outputPaths = (
			);
			runOnlyForDeploymentPostprocessing = 0;
			shellPath = /bin/sh;
			shellScript = "\"${SRCROOT}/Pods/Target Support Files/Pods-FyberMobileOffersTests/Pods-FyberMobileOffersTests-frameworks.sh\"\n";
			showEnvVarsInLog = 0;
		};
		677BD02B91E820AF12BF2BD1 /* [CP] Check Pods Manifest.lock */ = {
			isa = PBXShellScriptBuildPhase;
			buildActionMask = 2147483647;
			files = (
			);
			inputPaths = (
			);
			name = "[CP] Check Pods Manifest.lock";
			outputPaths = (
			);
			runOnlyForDeploymentPostprocessing = 0;
			shellPath = /bin/sh;
			shellScript = "diff \"${PODS_PODFILE_DIR_PATH}/Podfile.lock\" \"${PODS_ROOT}/Manifest.lock\" > /dev/null\nif [ $? != 0 ] ; then\n    # print error to STDERR\n    echo \"error: The sandbox is not in sync with the Podfile.lock. Run 'pod install' or update your CocoaPods installation.\" >&2\n    exit 1\nfi\n";
			showEnvVarsInLog = 0;
		};
		858601607C941317EF0AFBF8 /* [CP] Copy Pods Resources */ = {
			isa = PBXShellScriptBuildPhase;
			buildActionMask = 2147483647;
			files = (
			);
			inputPaths = (
			);
			name = "[CP] Copy Pods Resources";
			outputPaths = (
			);
			runOnlyForDeploymentPostprocessing = 0;
			shellPath = /bin/sh;
			shellScript = "\"${SRCROOT}/Pods/Target Support Files/Pods-FyberMobileOffersTests/Pods-FyberMobileOffersTests-resources.sh\"\n";
			showEnvVarsInLog = 0;
		};
		964DAB570284461514B65A54 /* [CP] Copy Pods Resources */ = {
			isa = PBXShellScriptBuildPhase;
			buildActionMask = 2147483647;
			files = (
			);
			inputPaths = (
			);
			name = "[CP] Copy Pods Resources";
			outputPaths = (
			);
			runOnlyForDeploymentPostprocessing = 0;
			shellPath = /bin/sh;
			shellScript = "\"${SRCROOT}/Pods/Target Support Files/Pods-FyberMobileOffers/Pods-FyberMobileOffers-resources.sh\"\n";
			showEnvVarsInLog = 0;
		};
		9947B0E126F555596DB2B539 /* [CP] Check Pods Manifest.lock */ = {
			isa = PBXShellScriptBuildPhase;
			buildActionMask = 2147483647;
			files = (
			);
			inputPaths = (
			);
			name = "[CP] Check Pods Manifest.lock";
			outputPaths = (
			);
			runOnlyForDeploymentPostprocessing = 0;
			shellPath = /bin/sh;
			shellScript = "diff \"${PODS_PODFILE_DIR_PATH}/Podfile.lock\" \"${PODS_ROOT}/Manifest.lock\" > /dev/null\nif [ $? != 0 ] ; then\n    # print error to STDERR\n    echo \"error: The sandbox is not in sync with the Podfile.lock. Run 'pod install' or update your CocoaPods installation.\" >&2\n    exit 1\nfi\n";
			showEnvVarsInLog = 0;
		};
		A27E5DA2DD1DE28C54BD6E65 /* [CP] Embed Pods Frameworks */ = {
			isa = PBXShellScriptBuildPhase;
			buildActionMask = 2147483647;
			files = (
			);
			inputPaths = (
			);
			name = "[CP] Embed Pods Frameworks";
			outputPaths = (
			);
			runOnlyForDeploymentPostprocessing = 0;
			shellPath = /bin/sh;
			shellScript = "\"${SRCROOT}/Pods/Target Support Files/Pods-FyberMobileOffersUITests/Pods-FyberMobileOffersUITests-frameworks.sh\"\n";
			showEnvVarsInLog = 0;
		};
		BDDA57CBCD5667C66FB3D6F3 /* [CP] Embed Pods Frameworks */ = {
			isa = PBXShellScriptBuildPhase;
			buildActionMask = 2147483647;
			files = (
			);
			inputPaths = (
			);
			name = "[CP] Embed Pods Frameworks";
			outputPaths = (
			);
			runOnlyForDeploymentPostprocessing = 0;
			shellPath = /bin/sh;
			shellScript = "\"${SRCROOT}/Pods/Target Support Files/Pods-FyberMobileOffers/Pods-FyberMobileOffers-frameworks.sh\"\n";
			showEnvVarsInLog = 0;
		};
/* End PBXShellScriptBuildPhase section */

/* Begin PBXSourcesBuildPhase section */
		685E9B581F3F3FE7007C2E4A /* Sources */ = {
			isa = PBXSourcesBuildPhase;
			buildActionMask = 2147483647;
			files = (
				685E9B621F3F3FE7007C2E4A /* ViewController.swift in Sources */,
				685E9B601F3F3FE7007C2E4A /* AppDelegate.swift in Sources */,
			);
			runOnlyForDeploymentPostprocessing = 0;
		};
		685E9B6C1F3F3FE8007C2E4A /* Sources */ = {
			isa = PBXSourcesBuildPhase;
			buildActionMask = 2147483647;
			files = (
				685E9B751F3F3FE8007C2E4A /* FyberMobileOffersTests.swift in Sources */,
			);
			runOnlyForDeploymentPostprocessing = 0;
		};
		685E9B771F3F3FE8007C2E4A /* Sources */ = {
			isa = PBXSourcesBuildPhase;
			buildActionMask = 2147483647;
			files = (
				685E9B801F3F3FE8007C2E4A /* FyberMobileOffersUITests.swift in Sources */,
			);
			runOnlyForDeploymentPostprocessing = 0;
		};
/* End PBXSourcesBuildPhase section */

/* Begin PBXTargetDependency section */
		685E9B721F3F3FE8007C2E4A /* PBXTargetDependency */ = {
			isa = PBXTargetDependency;
			target = 685E9B5B1F3F3FE7007C2E4A /* FyberMobileOffers */;
			targetProxy = 685E9B711F3F3FE8007C2E4A /* PBXContainerItemProxy */;
		};
		685E9B7D1F3F3FE8007C2E4A /* PBXTargetDependency */ = {
			isa = PBXTargetDependency;
			target = 685E9B5B1F3F3FE7007C2E4A /* FyberMobileOffers */;
			targetProxy = 685E9B7C1F3F3FE8007C2E4A /* PBXContainerItemProxy */;
		};
/* End PBXTargetDependency section */

/* Begin PBXVariantGroup section */
		685E9B631F3F3FE8007C2E4A /* Main.storyboard */ = {
			isa = PBXVariantGroup;
			children = (
				685E9B641F3F3FE8007C2E4A /* Base */,
			);
			name = Main.storyboard;
			sourceTree = "<group>";
		};
		685E9B681F3F3FE8007C2E4A /* LaunchScreen.storyboard */ = {
			isa = PBXVariantGroup;
			children = (
				685E9B691F3F3FE8007C2E4A /* Base */,
			);
			name = LaunchScreen.storyboard;
			sourceTree = "<group>";
		};
/* End PBXVariantGroup section */

/* Begin XCBuildConfiguration section */
		685E9B821F3F3FE9007C2E4A /* Debug */ = {
			isa = XCBuildConfiguration;
			buildSettings = {
				ALWAYS_SEARCH_USER_PATHS = NO;
				CLANG_ANALYZER_NONNULL = YES;
				CLANG_ANALYZER_NUMBER_OBJECT_CONVERSION = YES_AGGRESSIVE;
				CLANG_CXX_LANGUAGE_STANDARD = "gnu++0x";
				CLANG_CXX_LIBRARY = "libc++";
				CLANG_ENABLE_MODULES = YES;
				CLANG_ENABLE_OBJC_ARC = YES;
				CLANG_WARN_BOOL_CONVERSION = YES;
				CLANG_WARN_CONSTANT_CONVERSION = YES;
				CLANG_WARN_DIRECT_OBJC_ISA_USAGE = YES_ERROR;
				CLANG_WARN_DOCUMENTATION_COMMENTS = YES;
				CLANG_WARN_EMPTY_BODY = YES;
				CLANG_WARN_ENUM_CONVERSION = YES;
				CLANG_WARN_INFINITE_RECURSION = YES;
				CLANG_WARN_INT_CONVERSION = YES;
				CLANG_WARN_OBJC_ROOT_CLASS = YES_ERROR;
				CLANG_WARN_SUSPICIOUS_MOVE = YES;
				CLANG_WARN_UNREACHABLE_CODE = YES;
				CLANG_WARN__DUPLICATE_METHOD_MATCH = YES;
				"CODE_SIGN_IDENTITY[sdk=iphoneos*]" = "iPhone Developer";
				COPY_PHASE_STRIP = NO;
				DEBUG_INFORMATION_FORMAT = dwarf;
				ENABLE_STRICT_OBJC_MSGSEND = YES;
				ENABLE_TESTABILITY = YES;
				GCC_C_LANGUAGE_STANDARD = gnu99;
				GCC_DYNAMIC_NO_PIC = NO;
				GCC_NO_COMMON_BLOCKS = YES;
				GCC_OPTIMIZATION_LEVEL = 0;
				GCC_PREPROCESSOR_DEFINITIONS = (
					"DEBUG=1",
					"$(inherited)",
				);
				GCC_WARN_64_TO_32_BIT_CONVERSION = YES;
				GCC_WARN_ABOUT_RETURN_TYPE = YES_ERROR;
				GCC_WARN_UNDECLARED_SELECTOR = YES;
				GCC_WARN_UNINITIALIZED_AUTOS = YES_AGGRESSIVE;
				GCC_WARN_UNUSED_FUNCTION = YES;
				GCC_WARN_UNUSED_VARIABLE = YES;
				IPHONEOS_DEPLOYMENT_TARGET = 10.3;
				MTL_ENABLE_DEBUG_INFO = YES;
				ONLY_ACTIVE_ARCH = YES;
				SDKROOT = iphoneos;
				SWIFT_ACTIVE_COMPILATION_CONDITIONS = DEBUG;
				SWIFT_OPTIMIZATION_LEVEL = "-Onone";
				TARGETED_DEVICE_FAMILY = "1,2";
			};
			name = Debug;
		};
		685E9B831F3F3FE9007C2E4A /* Release */ = {
			isa = XCBuildConfiguration;
			buildSettings = {
				ALWAYS_SEARCH_USER_PATHS = NO;
				CLANG_ANALYZER_NONNULL = YES;
				CLANG_ANALYZER_NUMBER_OBJECT_CONVERSION = YES_AGGRESSIVE;
				CLANG_CXX_LANGUAGE_STANDARD = "gnu++0x";
				CLANG_CXX_LIBRARY = "libc++";
				CLANG_ENABLE_MODULES = YES;
				CLANG_ENABLE_OBJC_ARC = YES;
				CLANG_WARN_BOOL_CONVERSION = YES;
				CLANG_WARN_CONSTANT_CONVERSION = YES;
				CLANG_WARN_DIRECT_OBJC_ISA_USAGE = YES_ERROR;
				CLANG_WARN_DOCUMENTATION_COMMENTS = YES;
				CLANG_WARN_EMPTY_BODY = YES;
				CLANG_WARN_ENUM_CONVERSION = YES;
				CLANG_WARN_INFINITE_RECURSION = YES;
				CLANG_WARN_INT_CONVERSION = YES;
				CLANG_WARN_OBJC_ROOT_CLASS = YES_ERROR;
				CLANG_WARN_SUSPICIOUS_MOVE = YES;
				CLANG_WARN_UNREACHABLE_CODE = YES;
				CLANG_WARN__DUPLICATE_METHOD_MATCH = YES;
				"CODE_SIGN_IDENTITY[sdk=iphoneos*]" = "iPhone Developer";
				COPY_PHASE_STRIP = NO;
				DEBUG_INFORMATION_FORMAT = "dwarf-with-dsym";
				ENABLE_NS_ASSERTIONS = NO;
				ENABLE_STRICT_OBJC_MSGSEND = YES;
				GCC_C_LANGUAGE_STANDARD = gnu99;
				GCC_NO_COMMON_BLOCKS = YES;
				GCC_WARN_64_TO_32_BIT_CONVERSION = YES;
				GCC_WARN_ABOUT_RETURN_TYPE = YES_ERROR;
				GCC_WARN_UNDECLARED_SELECTOR = YES;
				GCC_WARN_UNINITIALIZED_AUTOS = YES_AGGRESSIVE;
				GCC_WARN_UNUSED_FUNCTION = YES;
				GCC_WARN_UNUSED_VARIABLE = YES;
				IPHONEOS_DEPLOYMENT_TARGET = 10.3;
				MTL_ENABLE_DEBUG_INFO = NO;
				SDKROOT = iphoneos;
				SWIFT_OPTIMIZATION_LEVEL = "-Owholemodule";
				TARGETED_DEVICE_FAMILY = "1,2";
				VALIDATE_PRODUCT = YES;
			};
			name = Release;
		};
		685E9B851F3F3FE9007C2E4A /* Debug */ = {
			isa = XCBuildConfiguration;
			baseConfigurationReference = 364CBFEE89402F025446B1CC /* Pods-FyberMobileOffers.debug.xcconfig */;
			buildSettings = {
				ASSETCATALOG_COMPILER_APPICON_NAME = AppIcon;
				DEVELOPMENT_TEAM = 6ZKF9BDJCT;
				INFOPLIST_FILE = FyberMobileOffers/Info.plist;
				LD_RUNPATH_SEARCH_PATHS = "$(inherited) @executable_path/Frameworks";
				PRODUCT_BUNDLE_IDENTIFIER = kr.pixel.FyberMobileOffers;
				PRODUCT_NAME = "$(TARGET_NAME)";
				SWIFT_VERSION = 3.0;
			};
			name = Debug;
		};
		685E9B861F3F3FE9007C2E4A /* Release */ = {
			isa = XCBuildConfiguration;
			baseConfigurationReference = 5A0BC5A6102259E9835CA4C7 /* Pods-FyberMobileOffers.release.xcconfig */;
			buildSettings = {
				ASSETCATALOG_COMPILER_APPICON_NAME = AppIcon;
				DEVELOPMENT_TEAM = 6ZKF9BDJCT;
				INFOPLIST_FILE = FyberMobileOffers/Info.plist;
				LD_RUNPATH_SEARCH_PATHS = "$(inherited) @executable_path/Frameworks";
				PRODUCT_BUNDLE_IDENTIFIER = kr.pixel.FyberMobileOffers;
				PRODUCT_NAME = "$(TARGET_NAME)";
				SWIFT_VERSION = 3.0;
			};
			name = Release;
		};
		685E9B881F3F3FE9007C2E4A /* Debug */ = {
			isa = XCBuildConfiguration;
			baseConfigurationReference = 7B9CA6E1B6284C0C40640975 /* Pods-FyberMobileOffersTests.debug.xcconfig */;
			buildSettings = {
				ALWAYS_EMBED_SWIFT_STANDARD_LIBRARIES = YES;
				BUNDLE_LOADER = "$(TEST_HOST)";
				DEVELOPMENT_TEAM = 6ZKF9BDJCT;
				INFOPLIST_FILE = FyberMobileOffersTests/Info.plist;
				LD_RUNPATH_SEARCH_PATHS = "$(inherited) @executable_path/Frameworks @loader_path/Frameworks";
				PRODUCT_BUNDLE_IDENTIFIER = kr.pixel.FyberMobileOffersTests;
				PRODUCT_NAME = "$(TARGET_NAME)";
				SWIFT_VERSION = 3.0;
				TEST_HOST = "$(BUILT_PRODUCTS_DIR)/FyberMobileOffers.app/FyberMobileOffers";
			};
			name = Debug;
		};
		685E9B891F3F3FE9007C2E4A /* Release */ = {
			isa = XCBuildConfiguration;
			baseConfigurationReference = 6BAF6A62ACDFD2179AEA0948 /* Pods-FyberMobileOffersTests.release.xcconfig */;
			buildSettings = {
				ALWAYS_EMBED_SWIFT_STANDARD_LIBRARIES = YES;
				BUNDLE_LOADER = "$(TEST_HOST)";
				DEVELOPMENT_TEAM = 6ZKF9BDJCT;
				INFOPLIST_FILE = FyberMobileOffersTests/Info.plist;
				LD_RUNPATH_SEARCH_PATHS = "$(inherited) @executable_path/Frameworks @loader_path/Frameworks";
				PRODUCT_BUNDLE_IDENTIFIER = kr.pixel.FyberMobileOffersTests;
				PRODUCT_NAME = "$(TARGET_NAME)";
				SWIFT_VERSION = 3.0;
				TEST_HOST = "$(BUILT_PRODUCTS_DIR)/FyberMobileOffers.app/FyberMobileOffers";
			};
			name = Release;
		};
		685E9B8B1F3F3FE9007C2E4A /* Debug */ = {
			isa = XCBuildConfiguration;
			baseConfigurationReference = 161BA1772671856A38D6E4FB /* Pods-FyberMobileOffersUITests.debug.xcconfig */;
			buildSettings = {
				ALWAYS_EMBED_SWIFT_STANDARD_LIBRARIES = YES;
				DEVELOPMENT_TEAM = 6ZKF9BDJCT;
				INFOPLIST_FILE = FyberMobileOffersUITests/Info.plist;
				LD_RUNPATH_SEARCH_PATHS = "$(inherited) @executable_path/Frameworks @loader_path/Frameworks";
				PRODUCT_BUNDLE_IDENTIFIER = kr.pixel.FyberMobileOffersUITests;
				PRODUCT_NAME = "$(TARGET_NAME)";
				SWIFT_VERSION = 3.0;
				TEST_TARGET_NAME = FyberMobileOffers;
			};
			name = Debug;
		};
		685E9B8C1F3F3FE9007C2E4A /* Release */ = {
			isa = XCBuildConfiguration;
			baseConfigurationReference = D82A6685AC4A48568B81AF8A /* Pods-FyberMobileOffersUITests.release.xcconfig */;
			buildSettings = {
				ALWAYS_EMBED_SWIFT_STANDARD_LIBRARIES = YES;
				DEVELOPMENT_TEAM = 6ZKF9BDJCT;
				INFOPLIST_FILE = FyberMobileOffersUITests/Info.plist;
				LD_RUNPATH_SEARCH_PATHS = "$(inherited) @executable_path/Frameworks @loader_path/Frameworks";
				PRODUCT_BUNDLE_IDENTIFIER = kr.pixel.FyberMobileOffersUITests;
				PRODUCT_NAME = "$(TARGET_NAME)";
				SWIFT_VERSION = 3.0;
				TEST_TARGET_NAME = FyberMobileOffers;
			};
			name = Release;
		};
/* End XCBuildConfiguration section */

/* Begin XCConfigurationList section */
		685E9B571F3F3FE7007C2E4A /* Build configuration list for PBXProject "FyberMobileOffers" */ = {
			isa = XCConfigurationList;
			buildConfigurations = (
				685E9B821F3F3FE9007C2E4A /* Debug */,
				685E9B831F3F3FE9007C2E4A /* Release */,
			);
			defaultConfigurationIsVisible = 0;
			defaultConfigurationName = Release;
		};
		685E9B841F3F3FE9007C2E4A /* Build configuration list for PBXNativeTarget "FyberMobileOffers" */ = {
			isa = XCConfigurationList;
			buildConfigurations = (
				685E9B851F3F3FE9007C2E4A /* Debug */,
				685E9B861F3F3FE9007C2E4A /* Release */,
			);
			defaultConfigurationIsVisible = 0;
			defaultConfigurationName = Release;
		};
		685E9B871F3F3FE9007C2E4A /* Build configuration list for PBXNativeTarget "FyberMobileOffersTests" */ = {
			isa = XCConfigurationList;
			buildConfigurations = (
				685E9B881F3F3FE9007C2E4A /* Debug */,
				685E9B891F3F3FE9007C2E4A /* Release */,
			);
			defaultConfigurationIsVisible = 0;
			defaultConfigurationName = Release;
		};
		685E9B8A1F3F3FE9007C2E4A /* Build configuration list for PBXNativeTarget "FyberMobileOffersUITests" */ = {
			isa = XCConfigurationList;
			buildConfigurations = (
				685E9B8B1F3F3FE9007C2E4A /* Debug */,
				685E9B8C1F3F3FE9007C2E4A /* Release */,
			);
			defaultConfigurationIsVisible = 0;
			defaultConfigurationName = Release;
		};
/* End XCConfigurationList section */
	};
	rootObject = 685E9B541F3F3FE7007C2E4A /* Project object */;
}
